
Microsoft Visual Studio Solution File, Format Version 12.00
# Visual Studio Version 16
VisualStudioVersion = 16.0.32802.440
MinimumVisualStudioVersion = 10.0.40219.1
Project("{9A19103F-16F7-4668-BE54-9A1E7A4F7556}") = "JWT-Console", "JWT-Console.csproj", "{85F362C2-239C-4E62-AD63-98164809472D}"
EndProject
Global
	GlobalSection(SolutionConfigurationPlatforms) = preSolution
		Debug|Any CPU = Debug|Any CPU
		Release|Any CPU = Release|Any CPU
	EndGlobalSection
	GlobalSection(ProjectConfigurationPlatforms) = postSolution
		{85F362C2-239C-4E62-AD63-98164809472D}.Debug|Any CPU.ActiveCfg = Debug|Any CPU
		{85F362C2-239C-4E62-AD63-98164809472D}.Debug|Any CPU.Build.0 = Debug|Any CPU
		{85F362C2-239C-4E62-AD63-98164809472D}.Release|Any CPU.ActiveCfg = Release|Any CPU
		{85F362C2-239C-4E62-AD63-98164809472D}.Release|Any CPU.Build.0 = Release|Any CPU
	EndGlobalSection
	GlobalSection(SolutionProperties) = preSolution
		HideSolutionNode = FALSE
	EndGlobalSection
	GlobalSection(ExtensibilityGlobals) = postSolution
		SolutionGuid = {A902299F-C910-42F0-B963-1B1AA5180DB4}
	EndGlobalSection
EndGlobal
